lockfileVersion: '9.0'

settings:
  autoInstallPeers: true
  excludeLinksFromLockfile: false

importers:

  .:
    dependencies:
      '@pnpm/make-dedicated-lockfile':
        specifier: ^0.6.16
        version: 0.6.16
      nodemon:
        specifier: ^3.1.4
        version: 3.1.4

packages:

  '@babel/code-frame@7.24.7':
    resolution: {integrity: sha512-BcYH1CVJBO9tvyIZ2jVeXgSIMvGZ2FDRvDdOIVQyuklNKSsx+eppDEBq/g47Ayw+RqNFE+URvOShmf+f/qwAlA==}
    engines: {node: '>=6.9.0'}

  '@babel/helper-validator-identifier@7.24.7':
    resolution: {integrity: sha512-rR+PBcQ1SMQDDyF6X0wxtG8QyLCgUB0eRAGguqRLfkCA87l7yAP7ehq8SNj96OOGTO8OBV70KhuFYcIkHXOg0w==}
    engines: {node: '>=6.9.0'}

  '@babel/highlight@7.24.7':
    resolution: {integrity: sha512-EStJpq4OuY8xYfhGVXngigBJRWxftKX9ksiGDnmlY3o7B/V7KIAc9X4oiK87uPJSc/vs5L869bem5fhZa8caZw==}
    engines: {node: '>=6.9.0'}

  '@gwhitney/detect-indent@7.0.1':
    resolution: {integrity: sha512-7bQW+gkKa2kKZPeJf6+c6gFK9ARxQfn+FKy9ScTBppyKRWH2KzsmweXUoklqeEiHiNVWaeP5csIdsNq6w7QhzA==}
    engines: {node: '>=12.20'}

  '@pnpm/catalogs.protocol-parser@0.1.0':
    resolution: {integrity: sha512-T3WvT+IBHsoDwv8RBQo3b+SBnXTQMpHZ1Yo7tJWcImBzrkuc4eP7KYB/yGP240PNgyrvCTrnuImRX9MNZD5flg==}
    engines: {node: '>=18.12'}

  '@pnpm/catalogs.resolver@0.1.0':
    resolution: {integrity: sha512-3S0JXQx/M2DDJdFzcoJFLXjkmhGFjYkFnR66VS/B07xTaZmQpclPp2vKL7PRI7JSliiN3Vt0ksuzYWHV2Lzsjg==}
    engines: {node: '>=18.12'}

  '@pnpm/constants@8.0.0':
    resolution: {integrity: sha512-yQosGUvYPpAjb1jOFcdbwekRjZRVxN6C0hHzfRCZrMKbxGjt/E0g0RcFlEDNVZ95tm4oMMcr7nEPa7H7LX3emw==}
    engines: {node: '>=18.12'}

  '@pnpm/core-loggers@10.0.6':
    resolution: {integrity: sha512-F8l9PZysYBfCsGt5r5NY44FRe9OuXMFjtYzx0hZMwTjqgrg+X2cjm8Y+1Jh2l8FY011Mp/pawDV1F4vlBgyJqQ==}
    engines: {node: '>=18.12'}
    peerDependencies:
      '@pnpm/logger': ^5.1.0

  '@pnpm/crypto.base32-hash@3.0.0':
    resolution: {integrity: sha512-iGKP6rRKng5Tcad1+S+j3UoY5wVZN+z0ZgemlGp69jNgn6EaM4N0Q3mvnDNJ7UZFmL2ClXZZYLNuCk9pUYV3Xg==}
    engines: {node: '>=18.12'}

  '@pnpm/dependency-path@5.1.5':
    resolution: {integrity: sha512-JKMavlg5SvCCT7uyJyyGOBtyv3med/pemRfEYjxLZJG+ucTjgUCYelqYfPHuPY99lR0Fq1KAXsFrtWT8BfaEBg==}
    engines: {node: '>=18.12'}

  '@pnpm/error@6.0.1':
    resolution: {integrity: sha512-7yjO0RgmWYb4OKgcWC33yD4Z2CxE7Tm7vXX1SmS7GDifDT/bgZZhHeS2xq/+W6y9yhwIrRSA+7AlQL1NM2wIvw==}
    engines: {node: '>=18.12'}

  '@pnpm/exec@2.0.0':
    resolution: {integrity: sha512-b5ALfWEOFQprWKntN7MF8XWCyslBk2c8u20GEDcDDQOs6c0HyHlWxX5lig8riQKdS000U6YyS4L4b32NOleXAQ==}
    engines: {node: '>=10'}

  '@pnpm/exportable-manifest@7.0.4':
    resolution: {integrity: sha512-8FhPoh+KAjgkXtyzbGEaJjm64BV29wDilbT/Q2BG5e4FJjCWJpqKZOKVc0WsqfGXPwRVioPnAM3iAUJSQZlNHg==}
    engines: {node: '>=18.12'}

  '@pnpm/fetch@8.0.6':
    resolution: {integrity: sha512-UijBks6EvIUX+1HBfkx9TICH/vbdYQNwmm2bENPDZ8fP7Fd8cd0TCIhlN5FOmADsX/E0cyE9fW72t47dCamXkA==}
    engines: {node: '>=18.12'}
    peerDependencies:
      '@pnpm/logger': ^5.1.0

  '@pnpm/fetching-types@6.0.0':
    resolution: {integrity: sha512-fnsaegb+0q7Ku6AyCmoVtBeCuO8ytB7YMEaGHC+0MGoRsxxa6EVLgi2H4abKr8LLslf5tHJBnOH24DjST3UNfQ==}
    engines: {node: '>=18.12'}

  '@pnpm/find-workspace-dir@7.0.1':
    resolution: {integrity: sha512-o1LAFM/5MChI6qBolMBOznzatch01UK3wIgoAE/b779qs1FakksB278nMRTwRY58PZSBT+RxZ2RCMjlxPLeVWw==}
    engines: {node: '>=18.12'}

  '@pnpm/git-resolver@9.0.7':
    resolution: {integrity: sha512-rIZtbL5p2y03mS7Sscj2l/E4AbxSrhZsYm2jK7iFinokgOKayJThn86ginQcvP2AY+xRKfZYl1aAKle/CpFwpA==}
    engines: {node: '>=18.12'}

  '@pnpm/git-utils@2.0.0':
    resolution: {integrity: sha512-k1rv4Zvno/5zJAqE/Mh9V0ehlm14NsYwpXTdaGMtyhkoHvlSckRfr23OIOIM7Q/TRX+LhqyJ2kep50SY2TsZ+g==}
    engines: {node: '>=18.12'}

  '@pnpm/graceful-fs@4.0.0':
    resolution: {integrity: sha512-933nhV2Prp51522poxX6Chvb7kEW3U3kzVWoqDU1+icB+QE7z/2qQ8wYHsBt4jm0Uil/sF67t77ugOr8bR63kg==}
    engines: {node: '>=18.12'}

  '@pnpm/hosted-git-info@1.0.0':
    resolution: {integrity: sha512-QzmNiLShTnNyeTHr+cykG5hYjwph0+v49KHV36Dh8uA2rRMWw30qoZMARuxd00SYdoTwT8bIouqqmzi6TWfJHQ==}
    engines: {node: '>=10'}

  '@pnpm/lockfile.fs@1.0.2':
    resolution: {integrity: sha512-GQpE72fK8xzJG8NeKQIrT7fGYY+4Js9w5r7MWhrx1W8lCxex47oy9nBnBBSRKTAiO79ypCgvm6+DrVpE+aZm5w==}
    engines: {node: '>=18.12'}
    peerDependencies:
      '@pnpm/logger': ^5.1.0

  '@pnpm/lockfile.merger@1.0.2':
    resolution: {integrity: sha512-dK5l+Iu9jU9ItniUcpB8SjLWO7xg6pXUKGyg8q0GxWxgs1SWCUXbtKciEOJkOuebtNTnghHi+TMiRk6q66IpFQ==}
    engines: {node: '>=18.12'}

  '@pnpm/lockfile.pruner@0.0.3':
    resolution: {integrity: sha512-SWr0EOI1Oy1gIed1LFNjkqNMPZNmhDPvXFM6BCNIcAmmYOY0hf/qgq80HyNuk+9/kRZyejJcF0pYtJsLgV4KlA==}
    engines: {node: '>=18.12'}

  '@pnpm/lockfile.types@1.0.2':
    resolution: {integrity: sha512-vtSYeL28wtX/IalSg1ehxFRz4wJ07gqdndHnQtjbRn6n0RyBotPwR5rwotqA9AtMLjAE5b8WGj+TlNdPREXHYg==}
    engines: {node: '>=18.12'}

  '@pnpm/lockfile.utils@1.0.2':
    resolution: {integrity: sha512-+dg196UraDVI0lgpFucEguYi/sozbyaToruJwMbcRRquvDXdoLmRJmG8TUWnOcXbkMbMM8wW3ys+/mic+a+zEQ==}
    engines: {node: '>=18.12'}

  '@pnpm/logger@5.2.0':
    resolution: {integrity: sha512-dCdSs2wPCweMkRLdISAKBOKSWeq/9iS9aanWgjoUkFs06KN2o5XGFg53oCXg/KbZhF9AXS3vMHPwTebzCeAEsA==}
    engines: {node: '>=18.12'}

  '@pnpm/make-dedicated-lockfile@0.6.16':
    resolution: {integrity: sha512-GiprOqcZCZKxEbrcavH0Llhf0AHv+/NbujDP/ztXBod9Vao7yW0s4i1Ek8pldm4/zHuQ+8E3yL+dO/4n7Sh2Yg==}
    engines: {node: '>=18.12'}
    hasBin: true

  '@pnpm/network.agent@2.0.0':
    resolution: {integrity: sha512-CqONDs5W6vaAdgQEHyFSr4vj25Pv8eVzwI+oUvId/FBHOcTCgHndLIJGON39JnyQS40+yT9kpEj21la3rcJK2w==}
    engines: {node: '>=18.12'}

  '@pnpm/network.config@2.0.0':
    resolution: {integrity: sha512-DpTQTz4KBUgR0NNo/+/WXFlE4dy4+vgINhR9Eb+qo/Kb9RzGbhTN0ypv3sRYa6YG4UO5ft47rvEtHJ9i6VBwzA==}
    engines: {node: '>=18.12'}

  '@pnpm/network.proxy-agent@2.0.0':
    resolution: {integrity: sha512-gCShibUggQS1vveAzr84PhDvwoChR4HrHHdvTB8CqXHQu12eoXO8R01awalZWERrHL3fDkUQcqLqCospm2O/QQ==}
    engines: {node: '>=18.12'}

  '@pnpm/node-fetch@1.0.0':
    resolution: {integrity: sha512-eYwrzhKUBGFdq78rJStGjaHTUHA2VH+Avr//CVx/T+EJkI7hnFmOy6YghvcB2clj8HpO4V8tXRNuFNfRX08ayw==}
    engines: {node: ^10.17 || >=12.3}

  '@pnpm/patching.types@1.0.0':
    resolution: {integrity: sha512-juCdQCC1USqLcOhVPl1tYReoTO9YH4fTullMnFXXcmpsDM7Dkn3tzuOQKC3oPoJ2ozv+0EeWWMtMGqn2+IM3pQ==}
    engines: {node: '>=18.12'}

  '@pnpm/pick-fetcher@3.0.0':
    resolution: {integrity: sha512-2eisylRAU/jeuxFEPnS1gjLZKJGbYc4QEtEW6MVUYjO4Xi+2ttkSm7825S0J5IPpUIvln8HYPCUS0eQWSfpOaQ==}
    engines: {node: '>=18.12'}

  '@pnpm/ramda@0.28.1':
    resolution: {integrity: sha512-zcAG+lvU0fMziNeGXpPyCyCJYp5ZVrPElEE4t14jAmViaihohocZ+dDkcRIyAomox8pQsuZnv1EyHR+pOhmUWw==}

  '@pnpm/read-project-manifest@6.0.7':
    resolution: {integrity: sha512-K6PTvopHtdlYNihFNtx2P5c0m5BZihBY2YH8pDFAvYMHVJ7eSSyjjHUZb/3SNfXIKnJ6LNH5V9IWG+kdDDMyBw==}
    engines: {node: '>=18.12'}

  '@pnpm/resolver-base@13.0.3':
    resolution: {integrity: sha512-toY5sj1Vgn/pXyQ+her8pA3oAHHUVO9k0TK9BYYffJASqrMyn7yYHObtQoyuoKQJoz19qe907DIx+rwpbPIVtg==}
    engines: {node: '>=18.12'}

  '@pnpm/self-installer@2.2.1':
    resolution: {integrity: sha512-aefLe96wAWghkx6q1PwbVS1Iz1iGE+HKwkTmtzWLFXeGhbknaIdG2voMwaBGIYGCSxm8sDKR1uLO4aRRAYuc+Q==}
    engines: {node: '>=4'}
    hasBin: true

  '@pnpm/text.comments-parser@3.0.0':
    resolution: {integrity: sha512-BSGvYd59kPKVTUk1InekEp+TiPnJ8650/bQyiOUFSvqHi61YipcR+E4H2i3xTnk2e+GHdGbXvEtAZbQmyxb0/g==}
    engines: {node: '>=18.12'}

  '@pnpm/types@12.1.0':
    resolution: {integrity: sha512-bbu+UmaZ8fG72K/FMqKPlXLZ955VcmU6P2ODzAtKbOTtrEbpNyBfTeki9u6IZex6RF66s8SDpAHhmRV0qWkDwA==}
    engines: {node: '>=18.12'}

  '@pnpm/util.lex-comparator@3.0.0':
    resolution: {integrity: sha512-ead+l3IiuVXwKDf/QJPX6G93cwhXki3yOVEA/VdAO7AhZ5vUuSBxHe6gQKEbB0QacJ4H5VsYxeM1xUgwjjOO/Q==}
    engines: {node: '>=18.12'}

  '@pnpm/write-project-manifest@6.0.6':
    resolution: {integrity: sha512-BwK2XgLUJbcNP4CWXcpilHbROc3uvAi3Sgfn3Hq4L/+8Vg+h10r73Vzi+iqhQnd5pJS7RTpg3RIUznHcflV5DA==}
    engines: {node: '>=18.12'}

  '@tootallnate/once@2.0.0':
    resolution: {integrity: sha512-XCuKFP5PS55gnMVu3dty8KPatLqUoy/ZYzDzAGCQ8JNFCkLXzmI7vNHCR+XpbZaMWQK/vQubr7PkYq8g470J/A==}
    engines: {node: '>= 10'}

  '@zkochan/js-yaml@0.0.7':
    resolution: {integrity: sha512-nrUSn7hzt7J6JWgWGz78ZYI8wj+gdIJdk0Ynjpp8l+trkn58Uqsf6RYrYkEK+3X18EX+TNdtJI0WxAtc+L84SQ==}
    hasBin: true

  '@zkochan/retry@0.2.0':
    resolution: {integrity: sha512-WhB+2B/ZPlW2Xy/kMJBrMbqecWXcbDDgn0K0wKBAgO2OlBTz1iLJrRWduo+DGGn0Akvz1Lu4Xvls7dJojximWw==}
    engines: {node: '>=10'}

  '@zkochan/rimraf@3.0.2':
    resolution: {integrity: sha512-GBf4ua7ogWTr7fATnzk/JLowZDBnBJMm8RkMaC/KcvxZ9gxbMWix0/jImd815LmqKyIHZ7h7lADRddGMdGBuCA==}
    engines: {node: '>=18.12'}

  '@zkochan/which@2.0.3':
    resolution: {integrity: sha512-C1ReN7vt2/2O0fyTsx5xnbQuxBrmG5NMSbcIkPKCCfCTJgpZBsuRYzFXHj3nVq8vTfK7vxHUmzfCpSHgO7j4rg==}
    engines: {node: '>= 8'}
    hasBin: true

  agent-base@6.0.2:
    resolution: {integrity: sha512-RZNwNclF7+MS/8bDg70amg32dyeZGZxiDuQmZxKLAlQjr3jGyLx+4Kkk58UO7D2QdgFIQCovuSuZESne6RG6XQ==}
    engines: {node: '>= 6.0.0'}

  agentkeepalive@4.2.1:
    resolution: {integrity: sha512-Zn4cw2NEqd+9fiSVWMscnjyQ1a8Yfoc5oBajLeo5w+YBHgDUcEBY2hS4YpTz6iN5f/2zQiktcuM6tS8x1p9dpA==}
    engines: {node: '>= 8.0.0'}

  ansi-styles@3.2.1:
    resolution: {integrity: sha512-VT0ZI6kZRdTh8YyJw3SMbYm/u+NqfsAxEpWO0Pf9sq8/e94WxxOpPKx9FR1FlyCtOVDNOQ+8ntlqFxiRc+r5qA==}
    engines: {node: '>=4'}

  anymatch@3.1.3:
    resolution: {integrity: sha512-KMReFUr0B4t+D+OBkjR3KYqvocp2XaSzO55UcB6mgQMd3KbcE+mWTyvVV7D/zsdEbNnV6acZUutkiHQXvTr1Rw==}
    engines: {node: '>= 8'}

  argparse@2.0.1:
    resolution: {integrity: sha512-8+9WqebbFzpX9OR+Wa6O29asIogeRMzcGtAINdpMHHyAg10f05aSFVBbcEqGf/PXw1EjAZ+q2/bEBg3DvurK3Q==}

  balanced-match@1.0.2:
    resolution: {integrity: sha512-3oSeUO0TMV67hN1AmbXsK4yaqU7tjiHlbxRDZOpH0KW9+CeX4bRAaX0Anxt0tx2MrpRpWwQaPwIlISEJhYU5Pw==}

  binary-extensions@2.3.0:
    resolution: {integrity: sha512-Ceh+7ox5qe7LJuLHoY0feh3pHuUDHAcRUeyL2VYghZwfpkNIy/+8Ocg0a3UuSoYzavmylwuLWQOf3hl0jjMMIw==}
    engines: {node: '>=8'}

  bole@5.0.14:
    resolution: {integrity: sha512-IFDlSAH1GKiQEp4NUa2Eg8RplcV2oXOFCHD/nfNqVlRNf9RgNRdxtR2g3P+Cz57uP5jAGSrq2bGUqXLQeh/h4w==}

  brace-expansion@1.1.11:
    resolution: {integrity: sha512-iCuPHDFgrHX7H2vEI/5xpz07zSHB00TpugqhmYtVmMO6518mCuRMoOYFldEBl0g187ufozdaHgWKcYFb61qGiA==}

  braces@3.0.3:
    resolution: {integrity: sha512-yQbXgO/OSZVD2IsiLlro+7Hf6Q18EJrKSEsdoMzKePKXct3gvD8oLcOQdIzGupr5Fj+EDe8gO/lxc1BzfMpxvA==}
    engines: {node: '>=8'}

  chalk@2.4.2:
    resolution: {integrity: sha512-Mti+f9lpJNcwF4tWV8/OrTTtF1gZi+f8FqlyAdouralcFWFQWF2+NgCHShjkCb+IFBLq9buZwE1xckQU4peSuQ==}
    engines: {node: '>=4'}

  chokidar@3.6.0:
    resolution: {integrity: sha512-7VT13fmjotKpGipCW9JEQAusEPE+Ei8nl6/g4FBAmIm0GOOLMua9NDDo/DWp0ZAxCr3cPq5ZpBqmPAQgDda2Pw==}
    engines: {node: '>= 8.10.0'}

  color-convert@1.9.3:
    resolution: {integrity: sha512-QfAUtd+vFdAtFQcC8CCyYt1fYWxSqAiK2cSD6zDB8N3cpsEBAvRxp9zOGg6G/SHHJYAT88/az/IuDGALsNVbGg==}

  color-name@1.1.3:
    resolution: {integrity: sha512-72fSenhMw2HZMTVHeCA9KCmpEIbzWiQsjN+BHcBbS9vr1mtt+vJjPdksIBNUmKAW8TFUDPJK5SUU3QhE9NEXDw==}

  command-exists@1.2.9:
    resolution: {integrity: sha512-LTQ/SGc+s0Xc0Fu5WaKnR0YiygZkm9eKFvyS+fRsU7/ZWFF8ykFM6Pc9aCVf1+xasOOZpO3BAVgVrKvsqKHV7w==}

  comver-to-semver@1.0.0:
    resolution: {integrity: sha512-gcGtbRxjwROQOdXLUWH1fQAXqThUVRZ219aAwgtX3KfYw429/Zv6EIJRf5TBSzWdAGwePmqH7w70WTaX4MDqag==}
    engines: {node: '>=12.17'}

  concat-map@0.0.1:
    resolution: {integrity: sha512-/Srv4dswyQNBfohGpz9o6Yb3Gz3SrUDqBH5rTuhGR7ahtlbYKnVxw2bCFMRljaA7EXHaXZ8wsHdodFvbkhKmqg==}

  cross-spawn@7.0.3:
    resolution: {integrity: sha512-iRDPJKUPVEND7dHPO8rkbOnPpyDygcDFtWjpeWNCgy8WP2rXcxXL8TskReQl6OrB2G7+UJrags1q15Fudc7G6w==}
    engines: {node: '>= 8'}

  data-uri-to-buffer@3.0.1:
    resolution: {integrity: sha512-WboRycPNsVw3B3TL559F7kuBUM4d8CgMEvk6xEJlOp7OBPjt6G7z8WMWlD2rOFZLk6OYfFIUGsCOWzcQH9K2og==}
    engines: {node: '>= 6'}

  debug@4.3.6:
    resolution: {integrity: sha512-O/09Bd4Z1fBrU4VzkhFqVgpPzaGbw6Sm9FEkBT1A/YBXQFGuuSxa1dN2nxgxS34JmKXqYx8CZAwEVoJFImUXIg==}
    engines: {node: '>=6.0'}
    peerDependencies:
      supports-color: '*'
    peerDependenciesMeta:
      supports-color:
        optional: true

  depd@1.1.2:
    resolution: {integrity: sha512-7emPTl6Dpo6JRXOXjLRxck+FlLRX5847cLKEn00PLAgc3g2hTZZgr+e4c2v6QpSmLeFP3n5yUo7ft6avBK/5jQ==}
    engines: {node: '>= 0.6'}

  error-ex@1.3.2:
    resolution: {integrity: sha512-7dFHNmqeFSEt2ZBsCriorKnn3Z2pj+fd9kmI6QoWw4//DL+icEBfc0U7qJCisqrTsKTjw4fNFy2pW9OqStD84g==}

  escape-string-regexp@1.0.5:
    resolution: {integrity: sha512-vbRorB5FUQWvla16U8R/qgaFIya2qGzwDrNmCZuYKrbdSUMG6I1ZCGQRefkRVhuOkIGVne7BQ35DSfo1qvJqFg==}
    engines: {node: '>=0.8.0'}

  execa@5.1.1:
    resolution: {integrity: sha512-8uSpZZocAZRBAPIEINJj3Lo9HyGitllczc27Eh5YYojjMFMn8yHMDMaUHE2Jqfq05D/wucwI4JGURyXt1vchyg==}
    engines: {node: '>=10'}

  fast-deep-equal@3.1.3:
    resolution: {integrity: sha512-f3qQ9oQy9j2AhBe/H9VC91wLmKBCCU/gDOnKNAYG5hswO7BLKj09Hc5HYNz9cGI++xlpDCIgDaitVs03ATR84Q==}

  fast-safe-stringify@2.1.1:
    resolution: {integrity: sha512-W+KJc2dmILlPplD/H4K9l9LcAHAfPtP6BY84uVLXQ6Evcz9Lcg33Y2z1IVblT6xdY54PXYVHEv+0Wpq8Io6zkA==}

  fetch-blob@2.1.2:
    resolution: {integrity: sha512-YKqtUDwqLyfyMnmbw8XD6Q8j9i/HggKtPEI+pZ1+8bvheBu78biSmNaXWusx1TauGqtUUGx/cBb1mKdq2rLYow==}
    engines: {node: ^10.17.0 || >=12.3.0}
    peerDependencies:
      domexception: '*'
    peerDependenciesMeta:
      domexception:
        optional: true

  fill-range@7.1.1:
    resolution: {integrity: sha512-YsGpe3WHLK8ZYi4tWDg2Jy3ebRz2rXowDxnld4bkQB00cc/1Zw9AWnC0i9ztDJitivtQvaI9KaLyKrc+hBW0yg==}
    engines: {node: '>=8'}

  find-up@5.0.0:
    resolution: {integrity: sha512-78/PXT1wlLLDgTzDs7sjq9hzz0vXD+zn+7wypEe4fXQxCmdmqfGsEPQxmiCSQI3ajFV91bVSsvNtrJRiW6nGng==}
    engines: {node: '>=10'}

  fs-extra@10.1.0:
    resolution: {integrity: sha512-oRXApq54ETRj4eMiFzGnHWGy+zo5raudjuxN0b8H7s/RU2oW0Wvsx9O0ACRN/kRq9E8Vu/ReskGB5o3ji+FzHQ==}
    engines: {node: '>=12'}

  fsevents@2.3.3:
    resolution: {integrity: sha512-5xoDfX+fL7faATnagmWPpbFtwh/R77WmMMqqHGS65C3vvB0YHrgF+B1YmZ3441tMj5n63k0212XNoJwzlhffQw==}
    engines: {node: ^8.16.0 || ^10.6.0 || >=11.0.0}
    os: [darwin]

  get-npm-tarball-url@2.1.0:
    resolution: {integrity: sha512-ro+DiMu5DXgRBabqXupW38h7WPZ9+Ad8UjwhvsmmN8w1sU7ab0nzAXvVZ4kqYg57OrqomRtJvepX5/xvFKNtjA==}
    engines: {node: '>=12.17'}

  get-stream@6.0.1:
    resolution: {integrity: sha512-ts6Wi+2j3jQjqi70w5AlN8DFnkSwC+MqmxEzdEALB2qXZYV3X/b1CTfgPLGJNMeAWxdPfU8FO1ms3NUfaHCPYg==}
    engines: {node: '>=10'}

  glob-parent@5.1.2:
    resolution: {integrity: sha512-AOIgSQCepiJYwP3ARnGx+5VnTu2HBYdzbGP45eLw1vr3zB3vZLeyed1sC9hnbcOc9/SrMyM5RPQrkGz4aS9Zow==}
    engines: {node: '>= 6'}

  graceful-fs@4.2.11:
    resolution: {integrity: sha512-RbJ5/jmFcNNCcDV5o9eTnBLJ/HszWV0P73bc+Ff4nS/rJj+YaS6IGyiOL0VoBYX+l1Wrl3k63h/KrH+nhJ0XvQ==}

  graceful-git@4.0.0:
    resolution: {integrity: sha512-zK/rCH/I0DMKpPBLCElXGI7za3EnXeQFdiK6CTP02Tt1N1L+bMLghZY7cXozlx9M2bx4Q0zrY9ADYP3eI8haIw==}
    engines: {node: '>=18.12'}

  has-flag@3.0.0:
    resolution: {integrity: sha512-sKJf1+ceQBr4SMkvQnBDNDtf4TXpVhVGateu0t918bl30FnbE2m4vNLX+VWe/dpjlb+HugGYzW7uQXH98HPEYw==}
    engines: {node: '>=4'}

  http-proxy-agent@5.0.0:
    resolution: {integrity: sha512-n2hY8YdoRE1i7r6M0w9DIw5GgZN0G25P8zLCRQ8rjXtTU3vsNFBI/vWK/UIeE6g5MUUz6avwAPXmL6Fy9D/90w==}
    engines: {node: '>= 6'}

  https-proxy-agent@5.0.1:
    resolution: {integrity: sha512-dFcAjpTQFgoLMzC2VwU+C/CbS7uRL0lWmxDITmqm7C+7F0Odmj6s9l6alZc6AELXhrnggM2CeWSXHGOdX2YtwA==}
    engines: {node: '>= 6'}

  human-signals@2.1.0:
    resolution: {integrity: sha512-B4FFZ6q/T2jhhksgkbEW3HBvWIfDW85snkQgawt07S7J5QXTk6BkNV+0yAeZrM5QpMAdYlocGoljn0sJ/WQkFw==}
    engines: {node: '>=10.17.0'}

  humanize-ms@1.2.1:
    resolution: {integrity: sha512-Fl70vYtsAFb/C06PTS9dZBo7ihau+Tu/DNCk/OyHhea07S+aeMWpFFkUaXRa8fI+ScZbEI8dfSxwY7gxZ9SAVQ==}

  ignore-by-default@1.0.1:
    resolution: {integrity: sha512-Ius2VYcGNk7T90CppJqcIkS5ooHUZyIQK+ClZfMfMNFEF9VSE73Fq+906u/CWu92x4gzZMWOwfFYckPObzdEbA==}

  imurmurhash@0.1.4:
    resolution: {integrity: sha512-JmXMZ6wuvDmLiHEml9ykzqO6lwFbof0GG4IkcGaENdCRDDmMVnny7s5HsIgHCbaq0w2MyPhDqkhTUgS2LU2PHA==}
    engines: {node: '>=0.8.19'}

  individual@3.0.0:
    resolution: {integrity: sha512-rUY5vtT748NMRbEMrTNiFfy29BgGZwGXUi2NFUVMWQrogSLzlJvQV9eeMWi+g1aVaQ53tpyLAQtd5x/JH0Nh1g==}

  inherits@2.0.4:
    resolution: {integrity: sha512-k/vGaX4/Yla3WzyMCvTQOXYeIHvqOKtnqBduzTHpzpQZzAskKMhZ2K+EnBiSM9zGSoIFeMpXKxa4dYeZIQqewQ==}

  ip-address@9.0.5:
    resolution: {integrity: sha512-zHtQzGojZXTwZTHQqra+ETKd4Sn3vgi7uBmlPoXVWZqYvuKmtI0l/VZTjqGmJY9x88GGOaZ9+G9ES8hC4T4X8g==}
    engines: {node: '>= 12'}

  is-arrayish@0.2.1:
    resolution: {integrity: sha512-zz06S8t0ozoDXMG+ube26zeCTNXcKIPJZJi8hBrF4idCLms4CG9QtK7qBl1boi5ODzFpjswb5JPmHCbMpjaYzg==}

  is-binary-path@2.1.0:
    resolution: {integrity: sha512-ZMERYes6pDydyuGidse7OsHxtbI7WVeUEozgR/g7rd0xUimYNlvZRE/K2MgZTjWy725IfelLeVcEM97mmtRGXw==}
    engines: {node: '>=8'}

  is-extglob@2.1.1:
    resolution: {integrity: sha512-SbKbANkN603Vi4jEZv49LeVJMn4yGwsbzZworEoyEiutsN3nJYdbO36zfhGJ6QEDpOZIFkDtnq5JRxmvl3jsoQ==}
    engines: {node: '>=0.10.0'}

  is-glob@4.0.3:
    resolution: {integrity: sha512-xelSayHH36ZgE7ZWhli7pW34hNbNl8Ojv5KVmkJD4hBdD3th8Tfk9vYasLM+mXWOZhFkgZfxhLSnrwRr4elSSg==}
    engines: {node: '>=0.10.0'}

  is-number@7.0.0:
    resolution: {integrity: sha512-41Cifkg6e8TylSpdtTpeLVMqvSBEVzTttHvERD741+pnZ8ANv0004MRL43QKPDlK9cGvNp6NZWZUBlbGXYxxng==}
    engines: {node: '>=0.12.0'}

  is-plain-obj@2.1.0:
    resolution: {integrity: sha512-YWnfyRwxL/+SsrWYfOpUtz5b3YD+nyfkHvjbcanzk8zgyO4ASD67uVMRt8k5bM4lLMDnXfriRhOpemw+NfT1eA==}
    engines: {node: '>=8'}

  is-stream@2.0.1:
    resolution: {integrity: sha512-hFoiJiTl63nn+kstHGBtewWSKnQLpyb155KHheA1l39uvtO9nWIop1p3udqPcUd/xbF1VLMO4n7OI6p7RbngDg==}
    engines: {node: '>=8'}

  is-windows@1.0.2:
    resolution: {integrity: sha512-eXK1UInq2bPmjyX6e3VHIzMLobc4J94i4AWn+Hpq3OU5KkrRC96OAcR3PRJ/pGu6m8TRnBHP9dkXQVsT/COVIA==}
    engines: {node: '>=0.10.0'}

  isexe@2.0.0:
    resolution: {integrity: sha512-RHxMLp9lnKHGHRng9QFhRCMbYAcVpn69smSGcq3f36xjgVVWThj4qqLbTLlq7Ssj8B+fIQ1EuCEGI2lKsyQeIw==}

  js-tokens@4.0.0:
    resolution: {integrity: sha512-RdJUflcE3cUzKiMqQgsCu06FPu9UdIJO0beYbPhHN4k6apgJtifcoCtT9bcxOpYBtpD2kCM6Sbzg4CausW/PKQ==}

  js-yaml@4.1.0:
    resolution: {integrity: sha512-wpxZs9NoxZaJESJGIZTyDEaYpl0FKSA+FB9aJiyemKhMwkxQg63h4T1KJgUGHpTqPDNRcmmYLugrRjJlBtWvRA==}
    hasBin: true

  jsbn@1.1.0:
    resolution: {integrity: sha512-4bYVV3aAMtDTTu4+xsDYa6sy9GyJ69/amsu9sYF2zqjiEoZA5xJi3BrfX3uY+/IekIu7MwdObdbDWpoZdBv3/A==}

  json-parse-even-better-errors@2.3.1:
    resolution: {integrity: sha512-xyFwyhro/JEof6Ghe2iz2NcXoj2sloNsWr/XsERDK/oiPCfaNhl5ONfp+jQdAZRQQ0IJWNzH9zIZF7li91kh2w==}

  json-stringify-safe@5.0.1:
    resolution: {integrity: sha512-ZClg6AaYvamvYEE82d3Iyd3vSSIjQ+odgjaTzRuO3s7toCdFKczob2i0zCh7JE8kWn17yvAWhUVxvqGwUalsRA==}

  json5@2.2.3:
    resolution: {integrity: sha512-XmOWe7eyHYH14cLdVPoyg+GOH3rYX++KpzrylJwSW98t3Nk+U8XOl8FWKOgwtzdb8lXGf6zYwDUzeHMWfxasyg==}
    engines: {node: '>=6'}
    hasBin: true

  jsonfile@6.1.0:
    resolution: {integrity: sha512-5dgndWOriYSm5cnYaJNhalLNDKOqFwyDB/rr1E9ZsGciGvKPs8R2xYGCacuf3z6K1YKDz182fd+fY3cn3pMqXQ==}

  lines-and-columns@1.2.4:
    resolution: {integrity: sha512-7ylylesZQ/PV29jhEDl3Ufjo6ZX7gCqJr5F7PKrqc93v7fzSymt1BpwEU8nAUXs8qzzvqhbjhK5QZg6Mt/HkBg==}

  locate-path@6.0.0:
    resolution: {integrity: sha512-iPZK6eYjbxRu3uB4/WZ3EsEIMJFMqAoopl3R+zuq0UjcAm/MO6KCweDgPfP3elTztoKP3KtnVHxTn2NHBSDVUw==}
    engines: {node: '>=10'}

  lodash.clonedeep@4.5.0:
    resolution: {integrity: sha512-H5ZhCF25riFd9uB5UCkVKo61m3S/xZk1x4wA6yp/L3RFP6Z/eHH1ymQcGLo7J3GMPfm0V/7m1tryHuGVxpqEBQ==}

  lru-cache@6.0.0:
    resolution: {integrity: sha512-Jo6dJ04CmSjuznwJSS3pUeWmd/H0ffTlkXXgwZi+eq1UCmqQwCh+eLsYOYCwY991i2Fah4h1BEMCx4qThGbsiA==}
    engines: {node: '>=10'}

  lru-cache@7.10.1:
    resolution: {integrity: sha512-BQuhQxPuRl79J5zSXRP+uNzPOyZw2oFI9JLRQ80XswSvg21KMKNtQza9eF42rfI/3Z40RvzBdXgziEkudzjo8A==}
    engines: {node: '>=12'}

  merge-stream@2.0.0:
    resolution: {integrity: sha512-abv/qOcuPfk3URPfDzmZU1LKmuw8kT+0nIHvKrKgFrwifol/doWcdA4ZqsWQ8ENrFKkd67Mfpo/LovbIUsbt3w==}

  mimic-fn@2.1.0:
    resolution: {integrity: sha512-OqbOk5oEQeAZ8WXWydlu9HJjz9WVdEIvamMCcXmuqUYjTknH/sqsWvhQ3vgwKFRR1HpjvNBKQ37nbJgYzGqGcg==}
    engines: {node: '>=6'}

  minimatch@3.1.2:
    resolution: {integrity: sha512-J7p63hRiAjw1NDEww1W7i37+ByIrOWO5XQQAzZ3VOcL0PNybwpfmV/N05zFAzwQ9USyEcX6t3UO+K5aqBQOIHw==}

  minimist@1.2.8:
    resolution: {integrity: sha512-2yyAR8qBkN3YuheJanUpWC5U3bb5osDywNB8RzDVlDwDHbocAJveqqj1u8+SVD7jkWT4yvsHCpWqqWqAxb0zCA==}

  ms@2.1.2:
    resolution: {integrity: sha512-sGkPx+VjMtmA6MX27oA4FBFELFCZZ4S4XqeGOXCv68tT+jb3vk/RyaKWP0PTKyWtmLSM0b+adUTEvbs1PEaH2w==}

  ms@2.1.3:
    resolution: {integrity: sha512-6FlzubTLZG3J2a/NVCAleEhjzq5oxgHyaCU9yYXvcLsvoVaHJq/s5xXI6/XXP6tz7R9xAOtHnSO/tXtF3WRTlA==}

  ndjson@2.0.0:
    resolution: {integrity: sha512-nGl7LRGrzugTtaFcJMhLbpzJM6XdivmbkdlaGcrk/LXg2KL/YBC6z1g70xh0/al+oFuVFP8N8kiWRucmeEH/qQ==}
    engines: {node: '>=10'}
    hasBin: true

  nerf-dart@1.0.0:
    resolution: {integrity: sha512-EZSPZB70jiVsivaBLYDCyntd5eH8NTSMOn3rB+HxwdmKThGELLdYv8qVIMWvZEFy9w8ZZpW9h9OB32l1rGtj7g==}

  nodemon@3.1.4:
    resolution: {integrity: sha512-wjPBbFhtpJwmIeY2yP7QF+UKzPfltVGtfce1g/bB15/8vCGZj8uxD62b/b9M9/WVgme0NZudpownKN+c0plXlQ==}
    engines: {node: '>=10'}
    hasBin: true

  normalize-path@3.0.0:
    resolution: {integrity: sha512-6eZs5Ls3WtCisHWp9S2GUy8dqkpGi4BVSz3GaqiE6ezub0512ESztXUwUB6C6IKbQkY2Pnb/mD4WYojCRwcwLA==}
    engines: {node: '>=0.10.0'}

  npm-run-path@4.0.1:
    resolution: {integrity: sha512-S48WzZW777zhNIrn7gxOlISNAqi9ZC/uQFnRdbeIHhZhCA6UqpkOT8T1G7BvfdgP4Er8gF4sUbaS0i7QvIfCWw==}
    engines: {node: '>=8'}

  onetime@5.1.2:
    resolution: {integrity: sha512-kbpaSSGJTWdAY5KPVeMOKXSrPtr8C8C7wodJbcsd51jRnmD+GZu8Y0VoU6Dm5Z4vWr0Ig/1NKuWRKf7j5aaYSg==}
    engines: {node: '>=6'}

  p-limit@3.1.0:
    resolution: {integrity: sha512-TYOanM3wGwNGsZN2cVTYPArw454xnXj5qmWF1bEoAc4+cU/ol7GVh7odevjp1FNHduHc3KZMcFduxU5Xc6uJRQ==}
    engines: {node: '>=10'}

  p-locate@5.0.0:
    resolution: {integrity: sha512-LaNjtRWUBY++zB5nE/NwcaoMylSPk+S+ZHNB1TzdbMJMny6dynpAGt7X/tl/QYq3TIeE6nxHppbo2LGymrG5Pw==}
    engines: {node: '>=10'}

  p-map-values@1.0.0:
    resolution: {integrity: sha512-/n8QJM4Os3HLRMSuQWwAocsMExENSQwWTgRi8m3JVEOWQ/4gud14igBcnYvSGQTbiyZbuizxEmwf0w3ITn67gg==}
    engines: {node: '>=14'}

  parse-json@5.2.0:
    resolution: {integrity: sha512-ayCKvm/phCGxOkYRSCM82iDwct8/EonSEgCSxWxD7ve6jHggsFl4fZVQBPRNgQoKiuV/odhFrGzQXZwbifC8Rg==}
    engines: {node: '>=8'}

  path-exists@4.0.0:
    resolution: {integrity: sha512-ak9Qy5Q7jYb2Wwcey5Fpvg2KoAc/ZIhLSLOSBmRmygPsGwkVVt0fZa0qrtMz+m6tJTAHfZQ8FnmB4MG4LWy7/w==}
    engines: {node: '>=8'}

  path-key@3.1.1:
    resolution: {integrity: sha512-ojmeN0qd+y0jszEtoY48r0Peq5dwMEkIlCOu6Q5f41lfkswXuKtYrhgoTpLnyIcHm24Uhqx+5Tqm2InSwLhE6Q==}
    engines: {node: '>=8'}

  path-name@1.0.0:
    resolution: {integrity: sha512-/dcAb5vMXH0f51yvMuSUqFpxUcA8JelbRmE5mW/p4CUJxrNgK24IkstnV7ENtg2IDGBOu6izKTG6eilbnbNKWQ==}

  picocolors@1.0.1:
    resolution: {integrity: sha512-anP1Z8qwhkbmu7MFP5iTt+wQKXgwzf7zTyGlcdzabySa9vd0Xt392U0rVmz9poOaBj0uHJKyyo9/upk0HrEQew==}

  picomatch@2.3.1:
    resolution: {integrity: sha512-JU3teHTNjmE2VCGFzuY8EXzCDVwEqB2a8fsIvwaStHhAWJEeVd1o1QD80CU6+ZdEXXSLbSsuLwJjkCBWqRQUVA==}
    engines: {node: '>=8.6'}

  pstree.remy@1.1.8:
    resolution: {integrity: sha512-77DZwxQmxKnu3aR542U+X8FypNzbfJ+C5XQDk3uWjWxn6151aIMGthWYRXTqT1E5oJvg+ljaa2OJi+VfvCOQ8w==}

  read-yaml-file@2.1.0:
    resolution: {integrity: sha512-UkRNRIwnhG+y7hpqnycCL/xbTk7+ia9VuVTC0S+zVbwd65DI9eUpRMfsWIGrCWxTU/mi+JW8cHQCrv+zfCbEPQ==}
    engines: {node: '>=10.13'}

  readable-stream@3.6.2:
    resolution: {integrity: sha512-9u/sniCrY3D5WdsERHzHE4G2YCXqoG5FTHUiCC4SIbr6XcLZBY05ya9EKjYek9O5xOAwjGq+1JdGBAS7Q9ScoA==}
    engines: {node: '>= 6'}

  readdirp@3.6.0:
    resolution: {integrity: sha512-hOS089on8RduqdbhvQ5Z37A0ESjsqz6qnRcffsMU3495FuTdqSm+7bhJ29JvIOsBDEEnan5DPu9t3To9VRlMzA==}
    engines: {node: '>=8.10.0'}

  rename-overwrite@6.0.0:
    resolution: {integrity: sha512-njyKyIyxYix8yklXAd5Jrp2otBFZdzD8069W/LaqhRpXqpdQpIb0ZEcheX25IdpX2LBpsGl3Qk+NRD/M7S27wg==}
    engines: {node: '>=18'}

  retry@0.13.1:
    resolution: {integrity: sha512-XQBQ3I8W1Cge0Seh+6gjj03LbmRFWuoszgK9ooCpwYIrhhoO80pfq4cUkU5DkknwfOfFteRwlZ56PYOGYyFWdg==}
    engines: {node: '>= 4'}

  rfc4648@1.5.3:
    resolution: {integrity: sha512-MjOWxM065+WswwnmNONOT+bD1nXzY9Km6u3kzvnx8F8/HXGZdz3T6e6vZJ8Q/RIMUSp/nxqjH3GwvJDy8ijeQQ==}

  safe-buffer@5.2.1:
    resolution: {integrity: sha512-rp3So07KcdmmKbGvgaNxQSJr7bGVSVk5S9Eq1F+ppbRo70+YeaDxkw5Dd8NPN+GD6bjnYm2VuPuCXmpuYvmCXQ==}

  safe-execa@0.1.2:
    resolution: {integrity: sha512-vdTshSQ2JsRCgT8eKZWNJIL26C6bVqy1SOmuCMlKHegVeo8KYRobRrefOdUq9OozSPUUiSxrylteeRmLOMFfWg==}
    engines: {node: '>=12'}

  safe-execa@0.1.4:
    resolution: {integrity: sha512-GI3k4zl4aLC3lxZNEEXAxxcXE6E3TfOsJ5xxJPhcAv9MWwnH2O9I0HrDmZFsVnu/C8wzRYSsTHdoVRmL0VicDw==}
    engines: {node: '>=12'}

  semver@7.6.3:
    resolution: {integrity: sha512-oVekP1cKtI+CTDvHWYFUcMtsK/00wmAEfyqKfNdARm8u1wNVhSgaX7A8d4UuIlUI5e84iEwOhs7ZPYRmzU9U6A==}
    engines: {node: '>=10'}
    hasBin: true

  shebang-command@2.0.0:
    resolution: {integrity: sha512-kHxr2zZpYtdmrN1qDjrrX/Z1rR1kG8Dx+gkpK1G4eXmvXswmcE1hTWBWYUzlraYw1/yZp6YuDY77YtvbN0dmDA==}
    engines: {node: '>=8'}

  shebang-regex@3.0.0:
    resolution: {integrity: sha512-7++dFhtcx3353uBaq8DDR4NuxBetBzC7ZQOhmTQInHEd6bSrXdiEyzCvG07Z44UYdLShWUyXt5M/yhz8ekcb1A==}
    engines: {node: '>=8'}

  signal-exit@3.0.7:
    resolution: {integrity: sha512-wnD2ZE+l+SPC/uoS0vXeE9L1+0wuaMqKlfz9AMUo38JsyLSBWSFcHR1Rri62LZc12vLr1gb3jl7iwQhgwpAbGQ==}

  signal-exit@4.1.0:
    resolution: {integrity: sha512-bzyZ1e88w9O1iNJbKnOlvYTrWPDl46O1bG0D3XInv+9tkPrxrN8jUUTiFlDkkmKWgn1M6CfIA13SuGqOa9Korw==}
    engines: {node: '>=14'}

  simple-update-notifier@2.0.0:
    resolution: {integrity: sha512-a2B9Y0KlNXl9u/vsW6sTIu9vGEpfKu2wRV6l1H3XEas/0gUIzGzBoP/IouTcUQbm9JWZLH3COxyn03TYlFax6w==}
    engines: {node: '>=10'}

  smart-buffer@4.2.0:
    resolution: {integrity: sha512-94hK0Hh8rPqQl2xXc3HsaBoOXKV20MToPkcXvwbISWLEs+64sBq5kFgn2kJDHb1Pry9yrP0dxrCI9RRci7RXKg==}
    engines: {node: '>= 6.0.0', npm: '>= 3.0.0'}

  socks-proxy-agent@6.1.1:
    resolution: {integrity: sha512-t8J0kG3csjA4g6FTbsMOWws+7R7vuRC8aQ/wy3/1OWmsgwA68zs/+cExQ0koSitUDXqhufF/YJr9wtNMZHw5Ew==}
    engines: {node: '>= 10'}

  socks@2.8.3:
    resolution: {integrity: sha512-l5x7VUUWbjVFbafGLxPWkYsHIhEvmF85tbIeFZWc8ZPtoMyybuEhL7Jye/ooC4/d48FgOjSJXgsF/AJPYCW8Zw==}
    engines: {node: '>= 10.0.0', npm: '>= 3.0.0'}

  sort-keys@4.2.0:
    resolution: {integrity: sha512-aUYIEU/UviqPgc8mHR6IW1EGxkAXpeRETYcrzg8cLAvUPZcpAlleSXHV2mY7G12GphSH6Gzv+4MMVSSkbdteHg==}
    engines: {node: '>=8'}

  split2@3.2.2:
    resolution: {integrity: sha512-9NThjpgZnifTkJpzTZ7Eue85S49QwpNhZTq6GRJwObb6jnLFNGB7Qm73V5HewTROPyxD0C29xqmaI68bQtV+hg==}

  sprintf-js@1.1.3:
    resolution: {integrity: sha512-Oo+0REFV59/rz3gfJNKQiBlwfHaSESl1pcGyABQsnnIfWOFt6JNj5gCog2U6MLZ//IGYD+nA8nI+mTShREReaA==}

  string_decoder@1.3.0:
    resolution: {integrity: sha512-hkRX8U1WjJFd8LsDJ2yQ/wWWxaopEsABU1XfkM8A+j0+85JAGppt16cr1Whg6KIbb4okU6Mql6BOj+uup/wKeA==}

  strip-bom@4.0.0:
    resolution: {integrity: sha512-3xurFv5tEgii33Zi8Jtp55wEIILR9eh34FAW00PZf+JnSsTmV/ioewSgQl97JHvgjoRGwPShsWm+IdrxB35d0w==}
    engines: {node: '>=8'}

  strip-comments-strings@1.2.0:
    resolution: {integrity: sha512-zwF4bmnyEjZwRhaak9jUWNxc0DoeKBJ7lwSN/LEc8dQXZcUFG6auaaTQJokQWXopLdM3iTx01nQT8E4aL29DAQ==}

  strip-final-newline@2.0.0:
    resolution: {integrity: sha512-BrpvfNAE3dcvq7ll3xVumzjKjZQ5tI1sEUIKr3Uoks0XUl45St3FlatVqef9prk4jRDzhW6WZg+3bk93y6pLjA==}
    engines: {node: '>=6'}

  supports-color@5.5.0:
    resolution: {integrity: sha512-QjVjwdXIt408MIiAqCX4oUKsgU2EqAGzs2Ppkm4aQYbjm+ZEWEcW4SfFNTr4uMNZma0ey4f5lgLrkB0aX0QMow==}
    engines: {node: '>=4'}

  through2@4.0.2:
    resolution: {integrity: sha512-iOqSav00cVxEEICeD7TjLB1sueEL+81Wpzp2bY17uZjZN0pWZPuo4suZ/61VujxmqSGFfgOcNuTZ85QJwNZQpw==}

  to-regex-range@5.0.1:
    resolution: {integrity: sha512-65P7iz6X5yEr1cwcgvQxbbIw7Uk3gOy5dIdtZ4rDveLqhrdJP+Li/Hx6tyK0NEb+2GCyneCMJiGqrADCSNk8sQ==}
    engines: {node: '>=8.0'}

  touch@3.1.1:
    resolution: {integrity: sha512-r0eojU4bI8MnHr8c5bNo7lJDdI2qXlWWJk6a9EAFG7vbhTjElYhBVS3/miuE0uOuoLdb8Mc/rVfsmm6eo5o9GA==}
    hasBin: true

  undefsafe@2.0.5:
    resolution: {integrity: sha512-WxONCrssBM8TSPRqN5EmsjVrsv4A8X12J4ArBiiayv3DyyG3ZlIg6yysuuSYdZsVz3TKcTg2fd//Ujd4CHV1iA==}

  universalify@2.0.1:
    resolution: {integrity: sha512-gptHNQghINnc/vTGIk0SOFGFNXw7JVrlRUtConJRlvaw6DuX0wO5Jeko9sWrMBhh+PsYAZ7oXAiOnf/UKogyiw==}
    engines: {node: '>= 10.0.0'}

  util-deprecate@1.0.2:
    resolution: {integrity: sha512-EPD5q1uXyFxJpCrLnCc1nHnq3gOa6DZBocAIiI2TaSCA7VCJ1UJDMagCzIkXNsUYfD1daK//LTEQ8xiIbrHtcw==}

  which@2.0.2:
    resolution: {integrity: sha512-BLI3Tl1TW3Pvl70l3yq3Y64i+awpwXqsGBYWkkqMtnbXgrMD+yj7rhW0kuEDxzJaYXGjEW5ogapKNMEKNMjibA==}
    engines: {node: '>= 8'}
    hasBin: true

  write-file-atomic@5.0.1:
    resolution: {integrity: sha512-+QU2zd6OTD8XWIJCbffaiQeH9U73qIqafo1x6V1snCWYGJf6cVE0cDR4D8xRzcEnfI21IFrUPzPGtcPf8AC+Rw==}
    engines: {node: ^14.17.0 || ^16.13.0 || >=18.0.0}

  write-yaml-file@5.0.0:
    resolution: {integrity: sha512-FdNA4RyH1L43TlvGG8qOMIfcEczwA5ij+zLXUy3Z83CjxhLvcV7/Q/8pk22wnCgYw7PJhtK+7lhO+qqyT4NdvQ==}
    engines: {node: '>=16.14'}

  yallist@4.0.0:
    resolution: {integrity: sha512-3wdGidZyq5PB084XLES5TpOSRA3wjXAlIWMhum2kRcv/41Sn2emQ0dycQW4uZXLejwKvg6EsvbdlVL+FYEct7A==}

  yocto-queue@0.1.0:
    resolution: {integrity: sha512-rVksvsnNCdJ/ohGc6xgPwyN8eheCxsiLM8mxuE/t/mOVqJewPuO1miLpTHQiRgTKCLexL4MeAFVagts7HmNZ2Q==}
    engines: {node: '>=10'}

snapshots:

  '@babel/code-frame@7.24.7':
    dependencies:
      '@babel/highlight': 7.24.7
      picocolors: 1.0.1

  '@babel/helper-validator-identifier@7.24.7': {}

  '@babel/highlight@7.24.7':
    dependencies:
      '@babel/helper-validator-identifier': 7.24.7
      chalk: 2.4.2
      js-tokens: 4.0.0
      picocolors: 1.0.1

  '@gwhitney/detect-indent@7.0.1': {}

  '@pnpm/catalogs.protocol-parser@0.1.0': {}

  '@pnpm/catalogs.resolver@0.1.0':
    dependencies:
      '@pnpm/catalogs.protocol-parser': 0.1.0
      '@pnpm/error': 6.0.1

  '@pnpm/constants@8.0.0': {}

  '@pnpm/core-loggers@10.0.6(@pnpm/logger@5.2.0)':
    dependencies:
      '@pnpm/logger': 5.2.0
      '@pnpm/types': 12.1.0

  '@pnpm/crypto.base32-hash@3.0.0':
    dependencies:
      rfc4648: 1.5.3

  '@pnpm/dependency-path@5.1.5':
    dependencies:
      '@pnpm/crypto.base32-hash': 3.0.0
      '@pnpm/types': 12.1.0
      semver: 7.6.3

  '@pnpm/error@6.0.1':
    dependencies:
      '@pnpm/constants': 8.0.0

  '@pnpm/exec@2.0.0':
    dependencies:
      '@pnpm/self-installer': 2.2.1
      command-exists: 1.2.9
      cross-spawn: 7.0.3

  '@pnpm/exportable-manifest@7.0.4':
    dependencies:
      '@pnpm/catalogs.resolver': 0.1.0
      '@pnpm/error': 6.0.1
      '@pnpm/read-project-manifest': 6.0.7
      '@pnpm/types': 12.1.0
      p-map-values: 1.0.0
      ramda: '@pnpm/ramda@0.28.1'

  '@pnpm/fetch@8.0.6(@pnpm/logger@5.2.0)':
    dependencies:
      '@pnpm/core-loggers': 10.0.6(@pnpm/logger@5.2.0)
      '@pnpm/fetching-types': 6.0.0
      '@pnpm/logger': 5.2.0
      '@pnpm/network.agent': 2.0.0
      '@pnpm/types': 12.1.0
      '@zkochan/retry': 0.2.0
      node-fetch: '@pnpm/node-fetch@1.0.0'
    transitivePeerDependencies:
      - domexception
      - supports-color

  '@pnpm/fetching-types@6.0.0':
    dependencies:
      '@zkochan/retry': 0.2.0
      node-fetch: '@pnpm/node-fetch@1.0.0'
    transitivePeerDependencies:
      - domexception

  '@pnpm/find-workspace-dir@7.0.1':
    dependencies:
      '@pnpm/error': 6.0.1
      find-up: 5.0.0

  '@pnpm/git-resolver@9.0.7(@pnpm/logger@5.2.0)':
    dependencies:
      '@pnpm/fetch': 8.0.6(@pnpm/logger@5.2.0)
      '@pnpm/resolver-base': 13.0.3
      graceful-git: 4.0.0
      hosted-git-info: '@pnpm/hosted-git-info@1.0.0'
      semver: 7.6.3
    transitivePeerDependencies:
      - '@pnpm/logger'
      - domexception
      - supports-color

  '@pnpm/git-utils@2.0.0':
    dependencies:
      execa: safe-execa@0.1.2

  '@pnpm/graceful-fs@4.0.0':
    dependencies:
      graceful-fs: 4.2.11

  '@pnpm/hosted-git-info@1.0.0':
    dependencies:
      lru-cache: 6.0.0

  '@pnpm/lockfile.fs@1.0.2(@pnpm/logger@5.2.0)':
    dependencies:
      '@pnpm/constants': 8.0.0
      '@pnpm/dependency-path': 5.1.5
      '@pnpm/error': 6.0.1
      '@pnpm/git-resolver': 9.0.7(@pnpm/logger@5.2.0)
      '@pnpm/git-utils': 2.0.0
      '@pnpm/lockfile.merger': 1.0.2
      '@pnpm/lockfile.types': 1.0.2
      '@pnpm/lockfile.utils': 1.0.2
      '@pnpm/logger': 5.2.0
      '@pnpm/types': 12.1.0
      '@pnpm/util.lex-comparator': 3.0.0
      '@zkochan/rimraf': 3.0.2
      comver-to-semver: 1.0.0
      js-yaml: '@zkochan/js-yaml@0.0.7'
      normalize-path: 3.0.0
      ramda: '@pnpm/ramda@0.28.1'
      semver: 7.6.3
      sort-keys: 4.2.0
      strip-bom: 4.0.0
      write-file-atomic: 5.0.1
    transitivePeerDependencies:
      - domexception
      - supports-color

  '@pnpm/lockfile.merger@1.0.2':
    dependencies:
      '@pnpm/lockfile.types': 1.0.2
      '@pnpm/types': 12.1.0
      comver-to-semver: 1.0.0
      ramda: '@pnpm/ramda@0.28.1'
      semver: 7.6.3

  '@pnpm/lockfile.pruner@0.0.3':
    dependencies:
      '@pnpm/constants': 8.0.0
      '@pnpm/dependency-path': 5.1.5
      '@pnpm/lockfile.types': 1.0.2
      '@pnpm/types': 12.1.0
      ramda: '@pnpm/ramda@0.28.1'

  '@pnpm/lockfile.types@1.0.2':
    dependencies:
      '@pnpm/patching.types': 1.0.0
      '@pnpm/types': 12.1.0

  '@pnpm/lockfile.utils@1.0.2':
    dependencies:
      '@pnpm/dependency-path': 5.1.5
      '@pnpm/lockfile.types': 1.0.2
      '@pnpm/pick-fetcher': 3.0.0
      '@pnpm/resolver-base': 13.0.3
      '@pnpm/types': 12.1.0
      get-npm-tarball-url: 2.1.0
      ramda: '@pnpm/ramda@0.28.1'

  '@pnpm/logger@5.2.0':
    dependencies:
      bole: 5.0.14
      ndjson: 2.0.0

  '@pnpm/make-dedicated-lockfile@0.6.16':
    dependencies:
      '@pnpm/error': 6.0.1
      '@pnpm/exec': 2.0.0
      '@pnpm/exportable-manifest': 7.0.4
      '@pnpm/find-workspace-dir': 7.0.1
      '@pnpm/lockfile.fs': 1.0.2(@pnpm/logger@5.2.0)
      '@pnpm/lockfile.pruner': 0.0.3
      '@pnpm/logger': 5.2.0
      '@pnpm/read-project-manifest': 6.0.7
      '@pnpm/types': 12.1.0
      ramda: '@pnpm/ramda@0.28.1'
      rename-overwrite: 6.0.0
    transitivePeerDependencies:
      - domexception
      - supports-color

  '@pnpm/network.agent@2.0.0':
    dependencies:
      '@pnpm/network.config': 2.0.0
      '@pnpm/network.proxy-agent': 2.0.0
      agentkeepalive: 4.2.1
      lru-cache: 7.10.1
    transitivePeerDependencies:
      - supports-color

  '@pnpm/network.config@2.0.0':
    dependencies:
      nerf-dart: 1.0.0

  '@pnpm/network.proxy-agent@2.0.0':
    dependencies:
      '@pnpm/error': 6.0.1
      http-proxy-agent: 5.0.0
      https-proxy-agent: 5.0.1
      lru-cache: 7.10.1
      socks-proxy-agent: 6.1.1
    transitivePeerDependencies:
      - supports-color

  '@pnpm/node-fetch@1.0.0':
    dependencies:
      data-uri-to-buffer: 3.0.1
      fetch-blob: 2.1.2
    transitivePeerDependencies:
      - domexception

  '@pnpm/patching.types@1.0.0': {}

  '@pnpm/pick-fetcher@3.0.0': {}

  '@pnpm/ramda@0.28.1': {}

  '@pnpm/read-project-manifest@6.0.7':
    dependencies:
      '@gwhitney/detect-indent': 7.0.1
      '@pnpm/error': 6.0.1
      '@pnpm/graceful-fs': 4.0.0
      '@pnpm/text.comments-parser': 3.0.0
      '@pnpm/types': 12.1.0
      '@pnpm/write-project-manifest': 6.0.6
      fast-deep-equal: 3.1.3
      is-windows: 1.0.2
      json5: 2.2.3
      lodash.clonedeep: 4.5.0
      parse-json: 5.2.0
      read-yaml-file: 2.1.0
      sort-keys: 4.2.0
      strip-bom: 4.0.0

  '@pnpm/resolver-base@13.0.3':
    dependencies:
      '@pnpm/types': 12.1.0

  '@pnpm/self-installer@2.2.1': {}

  '@pnpm/text.comments-parser@3.0.0':
    dependencies:
      strip-comments-strings: 1.2.0

  '@pnpm/types@12.1.0': {}

  '@pnpm/util.lex-comparator@3.0.0': {}

  '@pnpm/write-project-manifest@6.0.6':
    dependencies:
      '@pnpm/text.comments-parser': 3.0.0
      '@pnpm/types': 12.1.0
      json5: 2.2.3
      write-file-atomic: 5.0.1
      write-yaml-file: 5.0.0

  '@tootallnate/once@2.0.0': {}

  '@zkochan/js-yaml@0.0.7':
    dependencies:
      argparse: 2.0.1

  '@zkochan/retry@0.2.0': {}

  '@zkochan/rimraf@3.0.2': {}

  '@zkochan/which@2.0.3':
    dependencies:
      isexe: 2.0.0

  agent-base@6.0.2:
    dependencies:
      debug: 4.3.6(supports-color@5.5.0)
    transitivePeerDependencies:
      - supports-color

  agentkeepalive@4.2.1:
    dependencies:
      debug: 4.3.6(supports-color@5.5.0)
      depd: 1.1.2
      humanize-ms: 1.2.1
    transitivePeerDependencies:
      - supports-color

  ansi-styles@3.2.1:
    dependencies:
      color-convert: 1.9.3

  anymatch@3.1.3:
    dependencies:
      normalize-path: 3.0.0
      picomatch: 2.3.1

  argparse@2.0.1: {}

  balanced-match@1.0.2: {}

  binary-extensions@2.3.0: {}

  bole@5.0.14:
    dependencies:
      fast-safe-stringify: 2.1.1
      individual: 3.0.0

  brace-expansion@1.1.11:
    dependencies:
      balanced-match: 1.0.2
      concat-map: 0.0.1

  braces@3.0.3:
    dependencies:
      fill-range: 7.1.1

  chalk@2.4.2:
    dependencies:
      ansi-styles: 3.2.1
      escape-string-regexp: 1.0.5
      supports-color: 5.5.0

  chokidar@3.6.0:
    dependencies:
      anymatch: 3.1.3
      braces: 3.0.3
      glob-parent: 5.1.2
      is-binary-path: 2.1.0
      is-glob: 4.0.3
      normalize-path: 3.0.0
      readdirp: 3.6.0
    optionalDependencies:
      fsevents: 2.3.3

  color-convert@1.9.3:
    dependencies:
      color-name: 1.1.3

  color-name@1.1.3: {}

  command-exists@1.2.9: {}

  comver-to-semver@1.0.0: {}

  concat-map@0.0.1: {}

  cross-spawn@7.0.3:
    dependencies:
      path-key: 3.1.1
      shebang-command: 2.0.0
      which: 2.0.2

  data-uri-to-buffer@3.0.1: {}

  debug@4.3.6(supports-color@5.5.0):
    dependencies:
      ms: 2.1.2
    optionalDependencies:
      supports-color: 5.5.0

  depd@1.1.2: {}

  error-ex@1.3.2:
    dependencies:
      is-arrayish: 0.2.1

  escape-string-regexp@1.0.5: {}

  execa@5.1.1:
    dependencies:
      cross-spawn: 7.0.3
      get-stream: 6.0.1
      human-signals: 2.1.0
      is-stream: 2.0.1
      merge-stream: 2.0.0
      npm-run-path: 4.0.1
      onetime: 5.1.2
      signal-exit: 3.0.7
      strip-final-newline: 2.0.0

  fast-deep-equal@3.1.3: {}

  fast-safe-stringify@2.1.1: {}

  fetch-blob@2.1.2: {}

  fill-range@7.1.1:
    dependencies:
      to-regex-range: 5.0.1

  find-up@5.0.0:
    dependencies:
      locate-path: 6.0.0
      path-exists: 4.0.0

  fs-extra@10.1.0:
    dependencies:
      graceful-fs: 4.2.11
      jsonfile: 6.1.0
      universalify: 2.0.1

  fsevents@2.3.3:
    optional: true

  get-npm-tarball-url@2.1.0: {}

  get-stream@6.0.1: {}

  glob-parent@5.1.2:
    dependencies:
      is-glob: 4.0.3

  graceful-fs@4.2.11: {}

  graceful-git@4.0.0:
    dependencies:
      retry: 0.13.1
      safe-execa: 0.1.4

  has-flag@3.0.0: {}

  http-proxy-agent@5.0.0:
    dependencies:
      '@tootallnate/once': 2.0.0
      agent-base: 6.0.2
      debug: 4.3.6(supports-color@5.5.0)
    transitivePeerDependencies:
      - supports-color

  https-proxy-agent@5.0.1:
    dependencies:
      agent-base: 6.0.2
      debug: 4.3.6(supports-color@5.5.0)
    transitivePeerDependencies:
      - supports-color

  human-signals@2.1.0: {}

  humanize-ms@1.2.1:
    dependencies:
      ms: 2.1.3

  ignore-by-default@1.0.1: {}

  imurmurhash@0.1.4: {}

  individual@3.0.0: {}

  inherits@2.0.4: {}

  ip-address@9.0.5:
    dependencies:
      jsbn: 1.1.0
      sprintf-js: 1.1.3

  is-arrayish@0.2.1: {}

  is-binary-path@2.1.0:
    dependencies:
      binary-extensions: 2.3.0

  is-extglob@2.1.1: {}

  is-glob@4.0.3:
    dependencies:
      is-extglob: 2.1.1

  is-number@7.0.0: {}

  is-plain-obj@2.1.0: {}

  is-stream@2.0.1: {}

  is-windows@1.0.2: {}

  isexe@2.0.0: {}

  js-tokens@4.0.0: {}

  js-yaml@4.1.0:
    dependencies:
      argparse: 2.0.1

  jsbn@1.1.0: {}

  json-parse-even-better-errors@2.3.1: {}

  json-stringify-safe@5.0.1: {}

  json5@2.2.3: {}

  jsonfile@6.1.0:
    dependencies:
      universalify: 2.0.1
    optionalDependencies:
      graceful-fs: 4.2.11

  lines-and-columns@1.2.4: {}

  locate-path@6.0.0:
    dependencies:
      p-locate: 5.0.0

  lodash.clonedeep@4.5.0: {}

  lru-cache@6.0.0:
    dependencies:
      yallist: 4.0.0

  lru-cache@7.10.1: {}

  merge-stream@2.0.0: {}

  mimic-fn@2.1.0: {}

  minimatch@3.1.2:
    dependencies:
      brace-expansion: 1.1.11

  minimist@1.2.8: {}

  ms@2.1.2: {}

  ms@2.1.3: {}

  ndjson@2.0.0:
    dependencies:
      json-stringify-safe: 5.0.1
      minimist: 1.2.8
      readable-stream: 3.6.2
      split2: 3.2.2
      through2: 4.0.2

  nerf-dart@1.0.0: {}

  nodemon@3.1.4:
    dependencies:
      chokidar: 3.6.0
      debug: 4.3.6(supports-color@5.5.0)
      ignore-by-default: 1.0.1
      minimatch: 3.1.2
      pstree.remy: 1.1.8
      semver: 7.6.3
      simple-update-notifier: 2.0.0
      supports-color: 5.5.0
      touch: 3.1.1
      undefsafe: 2.0.5

  normalize-path@3.0.0: {}

  npm-run-path@4.0.1:
    dependencies:
      path-key: 3.1.1

  onetime@5.1.2:
    dependencies:
      mimic-fn: 2.1.0

  p-limit@3.1.0:
    dependencies:
      yocto-queue: 0.1.0

  p-locate@5.0.0:
    dependencies:
      p-limit: 3.1.0

  p-map-values@1.0.0: {}

  parse-json@5.2.0:
    dependencies:
      '@babel/code-frame': 7.24.7
      error-ex: 1.3.2
      json-parse-even-better-errors: 2.3.1
      lines-and-columns: 1.2.4

  path-exists@4.0.0: {}

  path-key@3.1.1: {}

  path-name@1.0.0: {}

  picocolors@1.0.1: {}

  picomatch@2.3.1: {}

  pstree.remy@1.1.8: {}

  read-yaml-file@2.1.0:
    dependencies:
      js-yaml: 4.1.0
      strip-bom: 4.0.0

  readable-stream@3.6.2:
    dependencies:
      inherits: 2.0.4
      string_decoder: 1.3.0
      util-deprecate: 1.0.2

  readdirp@3.6.0:
    dependencies:
      picomatch: 2.3.1

  rename-overwrite@6.0.0:
    dependencies:
      '@zkochan/rimraf': 3.0.2
      fs-extra: 10.1.0

  retry@0.13.1: {}

  rfc4648@1.5.3: {}

  safe-buffer@5.2.1: {}

  safe-execa@0.1.2:
    dependencies:
      '@zkochan/which': 2.0.3
      execa: 5.1.1
      path-name: 1.0.0

  safe-execa@0.1.4:
    dependencies:
      '@zkochan/which': 2.0.3
      execa: 5.1.1
      path-name: 1.0.0

  semver@7.6.3: {}

  shebang-command@2.0.0:
    dependencies:
      shebang-regex: 3.0.0

  shebang-regex@3.0.0: {}

  signal-exit@3.0.7: {}

  signal-exit@4.1.0: {}

  simple-update-notifier@2.0.0:
    dependencies:
      semver: 7.6.3

  smart-buffer@4.2.0: {}

  socks-proxy-agent@6.1.1:
    dependencies:
      agent-base: 6.0.2
      debug: 4.3.6(supports-color@5.5.0)
      socks: 2.8.3
    transitivePeerDependencies:
      - supports-color

  socks@2.8.3:
    dependencies:
      ip-address: 9.0.5
      smart-buffer: 4.2.0

  sort-keys@4.2.0:
    dependencies:
      is-plain-obj: 2.1.0

  split2@3.2.2:
    dependencies:
      readable-stream: 3.6.2

  sprintf-js@1.1.3: {}

  string_decoder@1.3.0:
    dependencies:
      safe-buffer: 5.2.1

  strip-bom@4.0.0: {}

  strip-comments-strings@1.2.0: {}

  strip-final-newline@2.0.0: {}

  supports-color@5.5.0:
    dependencies:
      has-flag: 3.0.0

  through2@4.0.2:
    dependencies:
      readable-stream: 3.6.2

  to-regex-range@5.0.1:
    dependencies:
      is-number: 7.0.0

  touch@3.1.1: {}

  undefsafe@2.0.5: {}

  universalify@2.0.1: {}

  util-deprecate@1.0.2: {}

  which@2.0.2:
    dependencies:
      isexe: 2.0.0

  write-file-atomic@5.0.1:
    dependencies:
      imurmurhash: 0.1.4
      signal-exit: 4.1.0

  write-yaml-file@5.0.0:
    dependencies:
      js-yaml: 4.1.0
      write-file-atomic: 5.0.1

  yallist@4.0.0: {}

  yocto-queue@0.1.0: {}
